// !$*UTF8*$!
{
	archiveVersion = 1;
	classes = {
	};
	objectVersion = 50;
	objects = {

/* Begin PBXBuildFile section */
		FA902EA324FF63BF00BDC1C9 /* Bundle-Decodable.swift in Sources */ = {isa = PBXBuildFile; fileRef = FA902EA224FF63BF00BDC1C9 /* Bundle-Decodable.swift */; };
		FAA867CC24FE9301005E7551 /* AppDelegate.swift in Sources */ = {isa = PBXBuildFile; fileRef = FAA867CB24FE9301005E7551 /* AppDelegate.swift */; };
		FAA867CE24FE9301005E7551 /* SceneDelegate.swift in Sources */ = {isa = PBXBuildFile; fileRef = FAA867CD24FE9301005E7551 /* SceneDelegate.swift */; };
		FAA867D124FE9301005E7551 /* SnowSeeker.xcdatamodeld in Sources */ = {isa = PBXBuildFile; fileRef = FAA867CF24FE9301005E7551 /* SnowSeeker.xcdatamodeld */; };
		FAA867D324FE9301005E7551 /* ContentView.swift in Sources */ = {isa = PBXBuildFile; fileRef = FAA867D224FE9301005E7551 /* ContentView.swift */; };
		FAA867D524FE9306005E7551 /* Assets.xcassets in Resources */ = {isa = PBXBuildFile; fileRef = FAA867D424FE9306005E7551 /* Assets.xcassets */; };
		FAA867D824FE9306005E7551 /* Preview Assets.xcassets in Resources */ = {isa = PBXBuildFile; fileRef = FAA867D724FE9306005E7551 /* Preview Assets.xcassets */; };
		FAA867DB24FE9306005E7551 /* LaunchScreen.storyboard in Resources */ = {isa = PBXBuildFile; fileRef = FAA867D924FE9306005E7551 /* LaunchScreen.storyboard */; };
		FABC52A124FF61B10034B070 /* resorts.json in Resources */ = {isa = PBXBuildFile; fileRef = FABC52A024FF61B10034B070 /* resorts.json */; };
		FABC52A324FF623F0034B070 /* Resort.swift in Sources */ = {isa = PBXBuildFile; fileRef = FABC52A224FF623F0034B070 /* Resort.swift */; };
/* End PBXBuildFile section */

/* Begin PBXFileReference section */
		FA902EA224FF63BF00BDC1C9 /* Bundle-Decodable.swift */ = {isa = PBXFileReference; lastKnownFileType = sourcecode.swift; path = "Bundle-Decodable.swift"; sourceTree = "<group>"; };
		FAA867C824FE9301005E7551 /* SnowSeeker.app */ = {isa = PBXFileReference; explicitFileType = wrapper.application; includeInIndex = 0; path = SnowSeeker.app; sourceTree = BUILT_PRODUCTS_DIR; };
		FAA867CB24FE9301005E7551 /* AppDelegate.swift */ = {isa = PBXFileReference; lastKnownFileType = sourcecode.swift; path = AppDelegate.swift; sourceTree = "<group>"; };
		FAA867CD24FE9301005E7551 /* SceneDelegate.swift */ = {isa = PBXFileReference; lastKnownFileType = sourcecode.swift; path = SceneDelegate.swift; sourceTree = "<group>"; };
		FAA867D024FE9301005E7551 /* SnowSeeker.xcdatamodel */ = {isa = PBXFileReference; lastKnownFileType = wrapper.xcdatamodel; path = SnowSeeker.xcdatamodel; sourceTree = "<group>"; };
		FAA867D224FE9301005E7551 /* ContentView.swift */ = {isa = PBXFileReference; lastKnownFileType = sourcecode.swift; path = ContentView.swift; sourceTree = "<group>"; };
		FAA867D424FE9306005E7551 /* Assets.xcassets */ = {isa = PBXFileReference; lastKnownFileType = folder.assetcatalog; path = Assets.xcassets; sourceTree = "<group>"; };
		FAA867D724FE9306005E7551 /* Preview Assets.xcassets */ = {isa = PBXFileReference; lastKnownFileType = folder.assetcatalog; path = "Preview Assets.xcassets"; sourceTree = "<group>"; };
		FAA867DA24FE9306005E7551 /* Base */ = {isa = PBXFileReference; lastKnownFileType = file.storyboard; name = Base; path = Base.lproj/LaunchScreen.storyboard; sourceTree = "<group>"; };
		FAA867DC24FE9306005E7551 /* Info.plist */ = {isa = PBXFileReference; lastKnownFileType = text.plist.xml; path = Info.plist; sourceTree = "<group>"; };
		FABC52A024FF61B10034B070 /* resorts.json */ = {isa = PBXFileReference; fileEncoding = 4; lastKnownFileType = text.json; path = resorts.json; sourceTree = "<group>"; };
		FABC52A224FF623F0034B070 /* Resort.swift */ = {isa = PBXFileReference; lastKnownFileType = sourcecode.swift; path = Resort.swift; sourceTree = "<group>"; };
/* End PBXFileReference section */

/* Begin PBXFrameworksBuildPhase section */
		FAA867C524FE9301005E7551 /* Frameworks */ = {
			isa = PBXFrameworksBuildPhase;
			buildActionMask = 2147483647;
			files = (
			);
			runOnlyForDeploymentPostprocessing = 0;
		};
/* End PBXFrameworksBuildPhase section */

/* Begin PBXGroup section */
		FAA867BF24FE9300005E7551 = {
			isa = PBXGroup;
			children = (
				FAA867CA24FE9301005E7551 /* SnowSeeker */,
				FAA867C924FE9301005E7551 /* Products */,
			);
			sourceTree = "<group>";
		};
		FAA867C924FE9301005E7551 /* Products */ = {
			isa = PBXGroup;
			children = (
				FAA867C824FE9301005E7551 /* SnowSeeker.app */,
			);
			name = Products;
			sourceTree = "<group>";
		};
		FAA867CA24FE9301005E7551 /* SnowSeeker */ = {
			isa = PBXGroup;
			children = (
				FAA867CB24FE9301005E7551 /* AppDelegate.swift */,
				FAA867CD24FE9301005E7551 /* SceneDelegate.swift */,
				FABC52A424FF62420034B070 /* Models */,
				FABC52A524FF62500034B070 /* Views */,
				FAA867D424FE9306005E7551 /* Assets.xcassets */,
				FAA867D924FE9306005E7551 /* LaunchScreen.storyboard */,
				FAA867DC24FE9306005E7551 /* Info.plist */,
				FAA867D624FE9306005E7551 /* Preview Content */,
			);
			path = SnowSeeker;
			sourceTree = "<group>";
		};
		FAA867D624FE9306005E7551 /* Preview Content */ = {
			isa = PBXGroup;
			children = (
				FAA867D724FE9306005E7551 /* Preview Assets.xcassets */,
			);
			path = "Preview Content";
			sourceTree = "<group>";
		};
		FABC52A424FF62420034B070 /* Models */ = {
			isa = PBXGroup;
			children = (
				FAA867CF24FE9301005E7551 /* SnowSeeker.xcdatamodeld */,
				FABC52A024FF61B10034B070 /* resorts.json */,
				FABC52A224FF623F0034B070 /* Resort.swift */,
				FA902EA224FF63BF00BDC1C9 /* Bundle-Decodable.swift */,
			);
			path = Models;
			sourceTree = "<group>";
		};
		FABC52A524FF62500034B070 /* Views */ = {
			isa = PBXGroup;
			children = (
				FAA867D224FE9301005E7551 /* ContentView.swift */,
			);
			path = Views;
			sourceTree = "<group>";
		};
/* End PBXGroup section */

/* Begin PBXNativeTarget section */
		FAA867C724FE9301005E7551 /* SnowSeeker */ = {
			isa = PBXNativeTarget;
			buildConfigurationList = FAA867DF24FE9306005E7551 /* Build configuration list for PBXNativeTarget "SnowSeeker" */;
			buildPhases = (
				FAA867C424FE9301005E7551 /* Sources */,
				FAA867C524FE9301005E7551 /* Frameworks */,
				FAA867C624FE9301005E7551 /* Resources */,
			);
			buildRules = (
			);
			dependencies = (
			);
			name = SnowSeeker;
			productName = SnowSeeker;
			productReference = FAA867C824FE9301005E7551 /* SnowSeeker.app */;
			productType = "com.apple.product-type.application";
		};
/* End PBXNativeTarget section */

/* Begin PBXProject section */
		FAA867C024FE9300005E7551 /* Project object */ = {
			isa = PBXProject;
			attributes = {
				LastSwiftUpdateCheck = 1160;
				LastUpgradeCheck = 1160;
				ORGANIZATIONNAME = "Nate Lee";
				TargetAttributes = {
					FAA867C724FE9301005E7551 = {
						CreatedOnToolsVersion = 11.6;
					};
				};
			};
			buildConfigurationList = FAA867C324FE9300005E7551 /* Build configuration list for PBXProject "SnowSeeker" */;
			compatibilityVersion = "Xcode 9.3";
			developmentRegion = en;
			hasScannedForEncodings = 0;
			knownRegions = (
				en,
				Base,
			);
			mainGroup = FAA867BF24FE9300005E7551;
			productRefGroup = FAA867C924FE9301005E7551 /* Products */;
			projectDirPath = "";
			projectRoot = "";
			targets = (
				FAA867C724FE9301005E7551 /* SnowSeeker */,
			);
		};
/* End PBXProject section */

/* Begin PBXResourcesBuildPhase section */
		FAA867C624FE9301005E7551 /* Resources */ = {
			isa = PBXResourcesBuildPhase;
			buildActionMask = 2147483647;
			files = (
				FAA867DB24FE9306005E7551 /* LaunchScreen.storyboard in Resources */,
				FAA867D824FE9306005E7551 /* Preview Assets.xcassets in Resources */,
				FABC52A124FF61B10034B070 /* resorts.json in Resources */,
				FAA867D524FE9306005E7551 /* Assets.xcassets in Resources */,
			);
			runOnlyForDeploymentPostprocessing = 0;
		};
/* End PBXResourcesBuildPhase section */

/* Begin PBXSourcesBuildPhase section */
		FAA867C424FE9301005E7551 /* Sources */ = {
			isa = PBXSourcesBuildPhase;
			buildActionMask = 2147483647;
			files = (
				FABC52A324FF623F0034B070 /* Resort.swift in Sources */,
				FAA867CC24FE9301005E7551 /* AppDelegate.swift in Sources */,
				FAA867D124FE9301005E7551 /* SnowSeeker.xcdatamodeld in Sources */,
				FAA867D324FE9301005E7551 /* ContentView.swift in Sources */,
				FAA867CE24FE9301005E7551 /* SceneDelegate.swift in Sources */,
				FA902EA324FF63BF00BDC1C9 /* Bundle-Decodable.swift in Sources */,
			);
			runOnlyForDeploymentPostprocessing = 0;
		};
/* End PBXSourcesBuildPhase section */

/* Begin PBXVariantGroup section */
		FAA867D924FE9306005E7551 /* LaunchScreen.storyboard */ = {
			isa = PBXVariantGroup;
			children = (
				FAA867DA24FE9306005E7551 /* Base */,
			);
			name = LaunchScreen.storyboard;
			sourceTree = "<group>";
		};
/* End PBXVariantGroup section */

/* Begin XCBuildConfiguration section */
		FAA867DD24FE9306005E7551 /* Debug */ = {
			isa = XCBuildConfiguration;
			buildSettings = {
				ALWAYS_SEARCH_USER_PATHS = NO;
				CLANG_ANALYZER_NONNULL = YES;
				CLANG_ANALYZER_NUMBER_OBJECT_CONVERSION = YES_AGGRESSIVE;
				CLANG_CXX_LANGUAGE_STANDARD = "gnu++14";
				CLANG_CXX_LIBRARY = "libc++";
				CLANG_ENABLE_MODULES = YES;
				CLANG_ENABLE_OBJC_ARC = YES;
				CLANG_ENABLE_OBJC_WEAK = YES;
				CLANG_WARN_BLOCK_CAPTURE_AUTORELEASING = YES;
				CLANG_WARN_BOOL_CONVERSION = YES;
				CLANG_WARN_COMMA = YES;
				CLANG_WARN_CONSTANT_CONVERSION = YES;
				CLANG_WARN_DEPRECATED_OBJC_IMPLEMENTATIONS = YES;
				CLANG_WARN_DIRECT_OBJC_ISA_USAGE = YES_ERROR;
				CLANG_WARN_DOCUMENTATION_COMMENTS = YES;
				CLANG_WARN_EMPTY_BODY = YES;
				CLANG_WARN_ENUM_CONVERSION = YES;
				CLANG_WARN_INFINITE_RECURSION = YES;
				CLANG_WARN_INT_CONVERSION = YES;
				CLANG_WARN_NON_LITERAL_NULL_CONVERSION = YES;
				CLANG_WARN_OBJC_IMPLICIT_RETAIN_SELF = YES;
				CLANG_WARN_OBJC_LITERAL_CONVERSION = YES;
				CLANG_WARN_OBJC_ROOT_CLASS = YES_ERROR;
				CLANG_WARN_RANGE_LOOP_ANALYSIS = YES;
				CLANG_WARN_STRICT_PROTOTYPES = YES;
				CLANG_WARN_SUSPICIOUS_MOVE = YES;
				CLANG_WARN_UNGUARDED_AVAILABILITY = YES_AGGRESSIVE;
				CLANG_WARN_UNREACHABLE_CODE = YES;
				CLANG_WARN__DUPLICATE_METHOD_MATCH = YES;
				COPY_PHASE_STRIP = NO;
				DEBUG_INFORMATION_FORMAT = dwarf;
				ENABLE_STRICT_OBJC_MSGSEND = YES;
				ENABLE_TESTABILITY = YES;
				GCC_C_LANGUAGE_STANDARD = gnu11;
				GCC_DYNAMIC_NO_PIC = NO;
				GCC_NO_COMMON_BLOCKS = YES;
				GCC_OPTIMIZATION_LEVEL = 0;
				GCC_PREPROCESSOR_DEFINITIONS = (
					"DEBUG=1",
					"$(inherited)",
				);
				GCC_WARN_64_TO_32_BIT_CONVERSION = YES;
				GCC_WARN_ABOUT_RETURN_TYPE = YES_ERROR;
				GCC_WARN_UNDECLARED_SELECTOR = YES;
				GCC_WARN_UNINITIALIZED_AUTOS = YES_AGGRESSIVE;
				GCC_WARN_UNUSED_FUNCTION = YES;
				GCC_WARN_UNUSED_VARIABLE = YES;
				IPHONEOS_DEPLOYMENT_TARGET = 13.6;
				MTL_ENABLE_DEBUG_INFO = INCLUDE_SOURCE;
				MTL_FAST_MATH = YES;
				ONLY_ACTIVE_ARCH = YES;
				SDKROOT = iphoneos;
				SWIFT_ACTIVE_COMPILATION_CONDITIONS = DEBUG;
				SWIFT_OPTIMIZATION_LEVEL = "-Onone";
			};
			name = Debug;
		};
		FAA867DE24FE9306005E7551 /* Release */ = {
			isa = XCBuildConfiguration;
			buildSettings = {
				ALWAYS_SEARCH_USER_PATHS = NO;
				CLANG_ANALYZER_NONNULL = YES;
				CLANG_ANALYZER_NUMBER_OBJECT_CONVERSION = YES_AGGRESSIVE;
				CLANG_CXX_LANGUAGE_STANDARD = "gnu++14";
				CLANG_CXX_LIBRARY = "libc++";
				CLANG_ENABLE_MODULES = YES;
				CLANG_ENABLE_OBJC_ARC = YES;
				CLANG_ENABLE_OBJC_WEAK = YES;
				CLANG_WARN_BLOCK_CAPTURE_AUTORELEASING = YES;
				CLANG_WARN_BOOL_CONVERSION = YES;
				CLANG_WARN_COMMA = YES;
				CLANG_WARN_CONSTANT_CONVERSION = YES;
				CLANG_WARN_DEPRECATED_OBJC_IMPLEMENTATIONS = YES;
				CLANG_WARN_DIRECT_OBJC_ISA_USAGE = YES_ERROR;
				CLANG_WARN_DOCUMENTATION_COMMENTS = YES;
				CLANG_WARN_EMPTY_BODY = YES;
				CLANG_WARN_ENUM_CONVERSION = YES;
				CLANG_WARN_INFINITE_RECURSION = YES;
				CLANG_WARN_INT_CONVERSION = YES;
				CLANG_WARN_NON_LITERAL_NULL_CONVERSION = YES;
				CLANG_WARN_OBJC_IMPLICIT_RETAIN_SELF = YES;
				CLANG_WARN_OBJC_LITERAL_CONVERSION = YES;
				CLANG_WARN_OBJC_ROOT_CLASS = YES_ERROR;
				CLANG_WARN_RANGE_LOOP_ANALYSIS = YES;
				CLANG_WARN_STRICT_PROTOTYPES = YES;
				CLANG_WARN_SUSPICIOUS_MOVE = YES;
				CLANG_WARN_UNGUARDED_AVAILABILITY = YES_AGGRESSIVE;
				CLANG_WARN_UNREACHABLE_CODE = YES;
				CLANG_WARN__DUPLICATE_METHOD_MATCH = YES;
				COPY_PHASE_STRIP = NO;
				DEBUG_INFORMATION_FORMAT = "dwarf-with-dsym";
				ENABLE_NS_ASSERTIONS = NO;
				ENABLE_STRICT_OBJC_MSGSEND = YES;
				GCC_C_LANGUAGE_STANDARD = gnu11;
				GCC_NO_COMMON_BLOCKS = YES;
				GCC_WARN_64_TO_32_BIT_CONVERSION = YES;
				GCC_WARN_ABOUT_RETURN_TYPE = YES_ERROR;
				GCC_WARN_UNDECLARED_SELECTOR = YES;
				GCC_WARN_UNINITIALIZED_AUTOS = YES_AGGRESSIVE;
				GCC_WARN_UNUSED_FUNCTION = YES;
				GCC_WARN_UNUSED_VARIABLE = YES;
				IPHONEOS_DEPLOYMENT_TARGET = 13.6;
				MTL_ENABLE_DEBUG_INFO = NO;
				MTL_FAST_MATH = YES;
				SDKROOT = iphoneos;
				SWIFT_COMPILATION_MODE = wholemodule;
				SWIFT_OPTIMIZATION_LEVEL = "-O";
				VALIDATE_PRODUCT = YES;
			};
			name = Release;
		};
		FAA867E024FE9306005E7551 /* Debug */ = {
			isa = XCBuildConfiguration;
			buildSettings = {
				ASSETCATALOG_COMPILER_APPICON_NAME = AppIcon;
				CODE_SIGN_STYLE = Automatic;
				DEVELOPMENT_ASSET_PATHS = "\"SnowSeeker/Preview Content\"";
				DEVELOPMENT_TEAM = LQY7L3XZHF;
				ENABLE_PREVIEWS = YES;
				INFOPLIST_FILE = SnowSeeker/Info.plist;
				LD_RUNPATH_SEARCH_PATHS = (
					"$(inherited)",
					"@executable_path/Frameworks",
				);
				PRODUCT_BUNDLE_IDENTIFIER = dev.natelee.SnowSeeker;
				PRODUCT_NAME = "$(TARGET_NAME)";
				SWIFT_VERSION = 5.0;
				TARGETED_DEVICE_FAMILY = "1,2";
			};
			name = Debug;
		};
		FAA867E124FE9306005E7551 /* Release */ = {
			isa = XCBuildConfiguration;
			buildSettings = {
				ASSETCATALOG_COMPILER_APPICON_NAME = AppIcon;
				CODE_SIGN_STYLE = Automatic;
				DEVELOPMENT_ASSET_PATHS = "\"SnowSeeker/Preview Content\"";
				DEVELOPMENT_TEAM = LQY7L3XZHF;
				ENABLE_PREVIEWS = YES;
				INFOPLIST_FILE = SnowSeeker/Info.plist;
				LD_RUNPATH_SEARCH_PATHS = (
					"$(inherited)",
					"@executable_path/Frameworks",
				);
				PRODUCT_BUNDLE_IDENTIFIER = dev.natelee.SnowSeeker;
				PRODUCT_NAME = "$(TARGET_NAME)";
				SWIFT_VERSION = 5.0;
				TARGETED_DEVICE_FAMILY = "1,2";
			};
			name = Release;
		};
/* End XCBuildConfiguration section */

/* Begin XCConfigurationList section */
		FAA867C324FE9300005E7551 /* Build configuration list for PBXProject "SnowSeeker" */ = {
			isa = XCConfigurationList;
			buildConfigurations = (
				FAA867DD24FE9306005E7551 /* Debug */,
				FAA867DE24FE9306005E7551 /* Release */,
			);
			defaultConfigurationIsVisible = 0;
			defaultConfigurationName = Release;
		};
		FAA867DF24FE9306005E7551 /* Build configuration list for PBXNativeTarget "SnowSeeker" */ = {
			isa = XCConfigurationList;
			buildConfigurations = (
				FAA867E024FE9306005E7551 /* Debug */,
				FAA867E124FE9306005E7551 /* Release */,
			);
			defaultConfigurationIsVisible = 0;
			defaultConfigurationName = Release;
		};
/* End XCConfigurationList section */

/* Begin XCVersionGroup section */
		FAA867CF24FE9301005E7551 /* SnowSeeker.xcdatamodeld */ = {
			isa = XCVersionGroup;
			children = (
				FAA867D024FE9301005E7551 /* SnowSeeker.xcdatamodel */,
			);
			currentVersion = FAA867D024FE9301005E7551 /* SnowSeeker.xcdatamodel */;
			path = SnowSeeker.xcdatamodeld;
			sourceTree = "<group>";
			versionGroupType = wrapper.xcdatamodel;
		};
/* End XCVersionGroup section */
	};
	rootObject = FAA867C024FE9300005E7551 /* Project object */;
}
